{
  "name": "dockline",
  "version": "0.1.0-alpha.0",
  "lockfileVersion": 3,
  "requires": true,
  "packages": {
    "": {
      "name": "dockline",
      "version": "0.1.0-alpha.0",
      "license": "MIT",
      "workspaces": [
        "packages/*"
      ],
      "devDependencies": {
        "typescript": "^5.6.0"
      },
      "engines": {
        "node": ">=20"
      }
    },
    "node_modules/@dockline/core": {
      "resolved": "packages/core",
      "link": true
    },
    "node_modules/@dockline/langchain": {
      "resolved": "packages/langchain",
      "link": true
    },
    "node_modules/@dockline/openai-compatible": {
      "resolved": "packages/openai-compatible",
      "link": true
    },
    "node_modules/@dockline/openrouter": {
      "resolved": "packages/openrouter",
      "link": true
    },
    "node_modules/typescript": {
      "version": "5.9.3",
      "resolved": "https://registry.npmjs.org/typescript/-/typescript-5.9.3.tgz",
      "integrity": "sha512-jl1vZzPDinLr9eUt3J/t7V6FgNEw9QjvBPdysz9KfQDD41fQrC2Y4vKQdiaUpFT4bXlb1RHhLpp8wtm6M5TgSw==",
      "dev": true,
      "license": "Apache-2.0",
      "bin": {
        "tsc": "bin/tsc",
        "tsserver": "bin/tsserver"
      },
      "engines": {
        "node": ">=14.17"
      }
    },
    "packages/core": {
      "name": "@dockline/core",
      "version": "0.1.0-alpha.0",
      "license": "MIT"
    },
    "packages/langchain": {
      "name": "@dockline/langchain",
      "version": "0.1.0-alpha.0",
      "license": "MIT",
      "dependencies": {
        "@dockline/core": "0.1.0-alpha.0"
      },
      "peerDependencies": {
        "@langchain/core": ">=0.3.0"
      },
      "peerDependenciesMeta": {
        "@langchain/core": {
          "optional": true
        }
      }
    },
    "packages/openai-compatible": {
      "name": "@dockline/openai-compatible",
      "version": "0.1.0-alpha.0",
      "license": "MIT",
      "dependencies": {
        "@dockline/core": "0.1.0-alpha.0"
      }
    },
    "packages/openrouter": {
      "name": "@dockline/openrouter",
      "version": "0.1.0-alpha.0",
      "license": "MIT",
      "dependencies": {
        "@dockline/core": "0.1.0-alpha.0",
        "@dockline/openai-compatible": "0.1.0-alpha.0"
      }
    }
  }
}
