{
  "name": "dockline",
  "version": "0.1.0-alpha.1",
  "lockfileVersion": 3,
  "requires": true,
  "packages": {
    "": {
      "name": "dockline",
      "version": "0.1.0-alpha.1",
      "license": "MIT",
      "workspaces": [
        "packages/*"
      ],
      "devDependencies": {
        "@types/node": "^20.19.41",
        "typescript": "^5.6.0"
      },
      "engines": {
        "node": ">=20"
      }
    },
    "node_modules/@dockline/ai-sdk": {
      "resolved": "packages/ai-sdk",
      "link": true
    },
    "node_modules/@dockline/all": {
      "resolved": "packages/all",
      "link": true
    },
    "node_modules/@dockline/anthropic": {
      "resolved": "packages/anthropic",
      "link": true
    },
    "node_modules/@dockline/catalog": {
      "resolved": "packages/catalog",
      "link": true
    },
    "node_modules/@dockline/core": {
      "resolved": "packages/core",
      "link": true
    },
    "node_modules/@dockline/google": {
      "resolved": "packages/google",
      "link": true
    },
    "node_modules/@dockline/langchain": {
      "resolved": "packages/langchain",
      "link": true
    },
    "node_modules/@dockline/langchain-provider": {
      "resolved": "packages/langchain-provider",
      "link": true
    },
    "node_modules/@dockline/mistral": {
      "resolved": "packages/mistral",
      "link": true
    },
    "node_modules/@dockline/openai": {
      "resolved": "packages/openai",
      "link": true
    },
    "node_modules/@dockline/openai-compatible": {
      "resolved": "packages/openai-compatible",
      "link": true
    },
    "node_modules/@dockline/openrouter": {
      "resolved": "packages/openrouter",
      "link": true
    },
    "node_modules/@dockline/providers": {
      "resolved": "packages/providers",
      "link": true
    },
    "node_modules/@types/node": {
      "version": "20.19.41",
      "resolved": "https://registry.npmjs.org/@types/node/-/node-20.19.41.tgz",
      "integrity": "sha512-ECymXOukMnOoVkC2bb1Vc/w/836DXncOg5m8Xj1RH7xSHZJWNYY6Zh7EH477vcnD5egKNNfy2RpNOmuChhFPgQ==",
      "dev": true,
      "license": "MIT",
      "dependencies": {
        "undici-types": "~6.21.0"
      }
    },
    "node_modules/typescript": {
      "version": "5.9.3",
      "resolved": "https://registry.npmjs.org/typescript/-/typescript-5.9.3.tgz",
      "integrity": "sha512-jl1vZzPDinLr9eUt3J/t7V6FgNEw9QjvBPdysz9KfQDD41fQrC2Y4vKQdiaUpFT4bXlb1RHhLpp8wtm6M5TgSw==",
      "dev": true,
      "license": "Apache-2.0",
      "bin": {
        "tsc": "bin/tsc",
        "tsserver": "bin/tsserver"
      },
      "engines": {
        "node": ">=14.17"
      }
    },
    "node_modules/undici-types": {
      "version": "6.21.0",
      "resolved": "https://registry.npmjs.org/undici-types/-/undici-types-6.21.0.tgz",
      "integrity": "sha512-iwDZqg0QAGrg9Rav5H4n0M64c3mkR59cJ6wQp+7C4nI0gsmExaedaYLNO44eT4AtBBwjbTiGPMlt2Md0T9H9JQ==",
      "dev": true,
      "license": "MIT"
    },
    "packages/ai-sdk": {
      "name": "@dockline/ai-sdk",
      "version": "0.1.0-alpha.1",
      "license": "MIT",
      "dependencies": {
        "@dockline/core": "0.1.0-alpha.1"
      },
      "peerDependencies": {
        "@ai-sdk/provider": ">=3.0.0"
      },
      "peerDependenciesMeta": {
        "@ai-sdk/provider": {
          "optional": true
        }
      }
    },
    "packages/all": {
      "name": "@dockline/all",
      "version": "0.1.0-alpha.1",
      "license": "MIT",
      "dependencies": {
        "@dockline/ai-sdk": "0.1.0-alpha.1",
        "@dockline/catalog": "0.1.0-alpha.1",
        "@dockline/core": "0.1.0-alpha.1",
        "@dockline/providers": "0.1.0-alpha.1"
      }
    },
    "packages/anthropic": {
      "name": "@dockline/anthropic",
      "version": "0.1.0-alpha.1",
      "license": "MIT",
      "dependencies": {
        "@dockline/core": "0.1.0-alpha.1",
        "@dockline/langchain-provider": "0.1.0-alpha.1"
      },
      "peerDependencies": {
        "@langchain/anthropic": ">=0.3.0",
        "@langchain/core": ">=0.3.0"
      },
      "peerDependenciesMeta": {
        "@langchain/anthropic": {
          "optional": true
        },
        "@langchain/core": {
          "optional": true
        }
      }
    },
    "packages/catalog": {
      "name": "@dockline/catalog",
      "version": "0.1.0-alpha.1",
      "license": "MIT",
      "dependencies": {
        "@dockline/core": "0.1.0-alpha.1"
      }
    },
    "packages/core": {
      "name": "@dockline/core",
      "version": "0.1.0-alpha.1",
      "license": "MIT"
    },
    "packages/google": {
      "name": "@dockline/google",
      "version": "0.1.0-alpha.1",
      "license": "MIT",
      "dependencies": {
        "@dockline/core": "0.1.0-alpha.1",
        "@dockline/langchain-provider": "0.1.0-alpha.1"
      },
      "peerDependencies": {
        "@langchain/google-genai": ">=0.2.0"
      },
      "peerDependenciesMeta": {
        "@langchain/google-genai": {
          "optional": true
        }
      }
    },
    "packages/langchain": {
      "name": "@dockline/langchain",
      "version": "0.1.0-alpha.1",
      "license": "MIT",
      "dependencies": {
        "@dockline/core": "0.1.0-alpha.1"
      },
      "peerDependencies": {
        "@langchain/core": ">=0.3.0"
      },
      "peerDependenciesMeta": {
        "@langchain/core": {
          "optional": true
        }
      }
    },
    "packages/langchain-provider": {
      "name": "@dockline/langchain-provider",
      "version": "0.1.0-alpha.1",
      "license": "MIT",
      "dependencies": {
        "@dockline/core": "0.1.0-alpha.1"
      },
      "peerDependencies": {
        "@langchain/core": ">=0.3.0"
      },
      "peerDependenciesMeta": {
        "@langchain/core": {
          "optional": true
        }
      }
    },
    "packages/mistral": {
      "name": "@dockline/mistral",
      "version": "0.1.0-alpha.1",
      "license": "MIT",
      "dependencies": {
        "@dockline/core": "0.1.0-alpha.1",
        "@dockline/langchain-provider": "0.1.0-alpha.1"
      },
      "peerDependencies": {
        "@langchain/mistralai": ">=0.2.0"
      },
      "peerDependenciesMeta": {
        "@langchain/mistralai": {
          "optional": true
        }
      }
    },
    "packages/openai": {
      "name": "@dockline/openai",
      "version": "0.1.0-alpha.1",
      "license": "MIT",
      "dependencies": {
        "@dockline/core": "0.1.0-alpha.1",
        "@dockline/langchain-provider": "0.1.0-alpha.1"
      },
      "peerDependencies": {
        "@langchain/openai": ">=0.5.0"
      },
      "peerDependenciesMeta": {
        "@langchain/openai": {
          "optional": true
        }
      }
    },
    "packages/openai-compatible": {
      "name": "@dockline/openai-compatible",
      "version": "0.1.0-alpha.1",
      "license": "MIT",
      "dependencies": {
        "@dockline/core": "0.1.0-alpha.1"
      }
    },
    "packages/openrouter": {
      "name": "@dockline/openrouter",
      "version": "0.1.0-alpha.1",
      "license": "MIT",
      "dependencies": {
        "@dockline/core": "0.1.0-alpha.1",
        "@dockline/openai-compatible": "0.1.0-alpha.1"
      }
    },
    "packages/providers": {
      "name": "@dockline/providers",
      "version": "0.1.0-alpha.1",
      "license": "MIT",
      "dependencies": {
        "@dockline/anthropic": "0.1.0-alpha.1",
        "@dockline/core": "0.1.0-alpha.1",
        "@dockline/google": "0.1.0-alpha.1",
        "@dockline/mistral": "0.1.0-alpha.1",
        "@dockline/openai": "0.1.0-alpha.1",
        "@dockline/openai-compatible": "0.1.0-alpha.1",
        "@dockline/openrouter": "0.1.0-alpha.1"
      }
    }
  }
}
